dependencies:
- name: mongodb
  repository: https://charts.bitnami.com/bitnami
  version: 10.31.2
- name: mssql-linux
  repository: https://charts.helm.sh/stable
  version: 0.11.4
digest: sha256:f6eee5c138dcac396d3bcf6686e51e6810f62c9e4b6194975146052c8741f7f8
generated: "2022-01-10T10:52:27.0182965+01:00"
