dependencies:
- name: mongodb
  repository: https://charts.bitnami.com/bitnami
  version: 10.31.2
- name: mssql
  repository: https://charts.helm.sh/stable
  version: 0.11.4
digest: sha256:f3695118e5cfe0711c2a7e84eb7e9dedc2922d7453fd8bc31c8a9a2990e17b10
generated: "2022-01-10T14:12:35.2052895+01:00"
